
Microsoft Visual Studio Solution File, Format Version 12.00
# Visual Studio Version 17
VisualStudioVersion = 17.6.33815.320
MinimumVisualStudioVersion = 10.0.40219.1
Project("{FAE04EC0-301F-11D3-BF4B-00C04F79EFBC}") = "Asset Tracker", "Asset Tracker.csproj", "{17215B44-B1A9-4B05-8772-5F444CA919C2}"
EndProject
Global
	GlobalSection(SolutionConfigurationPlatforms) = preSolution
		Debug|Any CPU = Debug|Any CPU
		Release|Any CPU = Release|Any CPU
	EndGlobalSection
	GlobalSection(ProjectConfigurationPlatforms) = postSolution
		{17215B44-B1A9-4B05-8772-5F444CA919C2}.Debug|Any CPU.ActiveCfg = Debug|Any CPU
		{17215B44-B1A9-4B05-8772-5F444CA919C2}.Debug|Any CPU.Build.0 = Debug|Any CPU
		{17215B44-B1A9-4B05-8772-5F444CA919C2}.Release|Any CPU.ActiveCfg = Release|Any CPU
		{17215B44-B1A9-4B05-8772-5F444CA919C2}.Release|Any CPU.Build.0 = Release|Any CPU
	EndGlobalSection
	GlobalSection(SolutionProperties) = preSolution
		HideSolutionNode = FALSE
	EndGlobalSection
	GlobalSection(ExtensibilityGlobals) = postSolution
		SolutionGuid = {67EF0C6E-E678-4302-92FC-2BBAD034635E}
	EndGlobalSection
EndGlobal
